
Microsoft Visual Studio Solution File, Format Version 12.00
# Visual Studio Version 17
VisualStudioVersion = 17.6.33829.357
MinimumVisualStudioVersion = 10.0.40219.1
Project("{FAE04EC0-301F-11D3-BF4B-00C04F79EFBC}") = "EmployeeWage", "EmployeeWage\EmployeeWage.csproj", "{E82FC382-7192-4DC2-BF45-5661D3E8A001}"
EndProject
Global
	GlobalSection(SolutionConfigurationPlatforms) = preSolution
		Debug|Any CPU = Debug|Any CPU
		Release|Any CPU = Release|Any CPU
	EndGlobalSection
	GlobalSection(ProjectConfigurationPlatforms) = postSolution
		{E82FC382-7192-4DC2-BF45-5661D3E8A001}.Debug|Any CPU.ActiveCfg = Debug|Any CPU
		{E82FC382-7192-4DC2-BF45-5661D3E8A001}.Debug|Any CPU.Build.0 = Debug|Any CPU
		{E82FC382-7192-4DC2-BF45-5661D3E8A001}.Release|Any CPU.ActiveCfg = Release|Any CPU
		{E82FC382-7192-4DC2-BF45-5661D3E8A001}.Release|Any CPU.Build.0 = Release|Any CPU
	EndGlobalSection
	GlobalSection(SolutionProperties) = preSolution
		HideSolutionNode = FALSE
	EndGlobalSection
	GlobalSection(ExtensibilityGlobals) = postSolution
		SolutionGuid = {E6D46E86-1C28-4380-8341-CD69B59DE9D2}
	EndGlobalSection
EndGlobal
